
Microsoft Visual Studio Solution File, Format Version 12.00
# Visual Studio Version 16
VisualStudioVersion = 16.0.29806.167
MinimumVisualStudioVersion = 10.0.40219.1
Project("{8BC9CEB8-8B4A-11D0-8D11-00A0C91BC942}") = "anomrankVS", "anomrankVS.vcxproj", "{ABC0597B-0566-4D2E-A37A-C852011E82EF}"
EndProject
Global
	GlobalSection(SolutionConfigurationPlatforms) = preSolution
		Debug|x64 = Debug|x64
		Debug|x86 = Debug|x86
		Release|x64 = Release|x64
		Release|x86 = Release|x86
	EndGlobalSection
	GlobalSection(ProjectConfigurationPlatforms) = postSolution
		{ABC0597B-0566-4D2E-A37A-C852011E82EF}.Debug|x64.ActiveCfg = Debug|x64
		{ABC0597B-0566-4D2E-A37A-C852011E82EF}.Debug|x64.Build.0 = Debug|x64
		{ABC0597B-0566-4D2E-A37A-C852011E82EF}.Debug|x86.ActiveCfg = Debug|Win32
		{ABC0597B-0566-4D2E-A37A-C852011E82EF}.Debug|x86.Build.0 = Debug|Win32
		{ABC0597B-0566-4D2E-A37A-C852011E82EF}.Release|x64.ActiveCfg = Release|x64
		{ABC0597B-0566-4D2E-A37A-C852011E82EF}.Release|x64.Build.0 = Release|x64
		{ABC0597B-0566-4D2E-A37A-C852011E82EF}.Release|x86.ActiveCfg = Release|Win32
		{ABC0597B-0566-4D2E-A37A-C852011E82EF}.Release|x86.Build.0 = Release|Win32
	EndGlobalSection
	GlobalSection(SolutionProperties) = preSolution
		HideSolutionNode = FALSE
	EndGlobalSection
	GlobalSection(ExtensibilityGlobals) = postSolution
		SolutionGuid = {EB57B46C-0F75-4714-91EA-4533AEDB9425}
	EndGlobalSection
EndGlobal
